
Microsoft Visual Studio Solution File, Format Version 12.00
# Visual Studio Version 16
VisualStudioVersion = 16.0.30907.101
MinimumVisualStudioVersion = 10.0.40219.1
Project("{FAE04EC0-301F-11D3-BF4B-00C04F79EFBC}") = "Calculator", "Calculator\Calculator.csproj", "{140693BD-0829-45A5-B2BF-7766F93D8C6B}"
EndProject
Global
	GlobalSection(SolutionConfigurationPlatforms) = preSolution
		Debug|Any CPU = Debug|Any CPU
		Release|Any CPU = Release|Any CPU
	EndGlobalSection
	GlobalSection(ProjectConfigurationPlatforms) = postSolution
		{140693BD-0829-45A5-B2BF-7766F93D8C6B}.Debug|Any CPU.ActiveCfg = Debug|Any CPU
		{140693BD-0829-45A5-B2BF-7766F93D8C6B}.Debug|Any CPU.Build.0 = Debug|Any CPU
		{140693BD-0829-45A5-B2BF-7766F93D8C6B}.Release|Any CPU.ActiveCfg = Release|Any CPU
		{140693BD-0829-45A5-B2BF-7766F93D8C6B}.Release|Any CPU.Build.0 = Release|Any CPU
	EndGlobalSection
	GlobalSection(SolutionProperties) = preSolution
		HideSolutionNode = FALSE
	EndGlobalSection
	GlobalSection(ExtensibilityGlobals) = postSolution
		SolutionGuid = {495A8B7B-8B01-44EE-8E16-F2A28DB8550D}
	EndGlobalSection
EndGlobal
